
Microsoft Visual Studio Solution File, Format Version 12.00
# Visual Studio Version 17
VisualStudioVersion = 17.14.36203.30 d17.14
MinimumVisualStudioVersion = 10.0.40219.1
Project("{FAE04EC0-301F-11D3-BF4B-00C04F79EFBC}") = "formgen", "formgen.csproj", "{1FF4C80A-F10E-4713-B43C-F11C1EDEE86E}"
EndProject
Global
	GlobalSection(SolutionConfigurationPlatforms) = preSolution
		Debug|Any CPU = Debug|Any CPU
		Release|Any CPU = Release|Any CPU
	EndGlobalSection
	GlobalSection(ProjectConfigurationPlatforms) = postSolution
		{1FF4C80A-F10E-4713-B43C-F11C1EDEE86E}.Debug|Any CPU.ActiveCfg = Debug|Any CPU
		{1FF4C80A-F10E-4713-B43C-F11C1EDEE86E}.Debug|Any CPU.Build.0 = Debug|Any CPU
		{1FF4C80A-F10E-4713-B43C-F11C1EDEE86E}.Release|Any CPU.ActiveCfg = Release|Any CPU
		{1FF4C80A-F10E-4713-B43C-F11C1EDEE86E}.Release|Any CPU.Build.0 = Release|Any CPU
	EndGlobalSection
	GlobalSection(SolutionProperties) = preSolution
		HideSolutionNode = FALSE
	EndGlobalSection
	GlobalSection(ExtensibilityGlobals) = postSolution
		SolutionGuid = {9D5C3776-5D0E-4D11-9D6C-F41799F9ED25}
	EndGlobalSection
EndGlobal
